// !$*UTF8*$!
{
	archiveVersion = 1;
	classes = {
	};
	objectVersion = 50;
	objects = {

/* Begin PBXBuildFile section */
		3208924025FE0B51001355B2 /* AppDelegate.swift in Sources */ = {isa = PBXBuildFile; fileRef = 3208923F25FE0B51001355B2 /* AppDelegate.swift */; };
		3208924225FE0B51001355B2 /* SceneDelegate.swift in Sources */ = {isa = PBXBuildFile; fileRef = 3208924125FE0B51001355B2 /* SceneDelegate.swift */; };
		3208924425FE0B51001355B2 /* ViewController.swift in Sources */ = {isa = PBXBuildFile; fileRef = 3208924325FE0B51001355B2 /* ViewController.swift */; };
		3208924725FE0B51001355B2 /* Main.storyboard in Resources */ = {isa = PBXBuildFile; fileRef = 3208924525FE0B51001355B2 /* Main.storyboard */; };
		3208924925FE0B52001355B2 /* Assets.xcassets in Resources */ = {isa = PBXBuildFile; fileRef = 3208924825FE0B52001355B2 /* Assets.xcassets */; };
		3208924C25FE0B52001355B2 /* LaunchScreen.storyboard in Resources */ = {isa = PBXBuildFile; fileRef = 3208924A25FE0B52001355B2 /* LaunchScreen.storyboard */; };
		3208925725FE0B52001355B2 /* ReuseTableViewCellSampleTests.swift in Sources */ = {isa = PBXBuildFile; fileRef = 3208925625FE0B52001355B2 /* ReuseTableViewCellSampleTests.swift */; };
		3208926225FE0B52001355B2 /* ReuseTableViewCellSampleUITests.swift in Sources */ = {isa = PBXBuildFile; fileRef = 3208926125FE0B52001355B2 /* ReuseTableViewCellSampleUITests.swift */; };
/* End PBXBuildFile section */

/* Begin PBXContainerItemProxy section */
		3208925325FE0B52001355B2 /* PBXContainerItemProxy */ = {
			isa = PBXContainerItemProxy;
			containerPortal = 3208923425FE0B51001355B2 /* Project object */;
			proxyType = 1;
			remoteGlobalIDString = 3208923B25FE0B51001355B2;
			remoteInfo = ReuseTableViewCellSample;
		};
		3208925E25FE0B52001355B2 /* PBXContainerItemProxy */ = {
			isa = PBXContainerItemProxy;
			containerPortal = 3208923425FE0B51001355B2 /* Project object */;
			proxyType = 1;
			remoteGlobalIDString = 3208923B25FE0B51001355B2;
			remoteInfo = ReuseTableViewCellSample;
		};
/* End PBXContainerItemProxy section */

/* Begin PBXFileReference section */
		3208923C25FE0B51001355B2 /* ReuseTableViewCellSample.app */ = {isa = PBXFileReference; explicitFileType = wrapper.application; includeInIndex = 0; path = ReuseTableViewCellSample.app; sourceTree = BUILT_PRODUCTS_DIR; };
		3208923F25FE0B51001355B2 /* AppDelegate.swift */ = {isa = PBXFileReference; lastKnownFileType = sourcecode.swift; path = AppDelegate.swift; sourceTree = "<group>"; };
		3208924125FE0B51001355B2 /* SceneDelegate.swift */ = {isa = PBXFileReference; lastKnownFileType = sourcecode.swift; path = SceneDelegate.swift; sourceTree = "<group>"; };
		3208924325FE0B51001355B2 /* ViewController.swift */ = {isa = PBXFileReference; lastKnownFileType = sourcecode.swift; path = ViewController.swift; sourceTree = "<group>"; };
		3208924625FE0B51001355B2 /* Base */ = {isa = PBXFileReference; lastKnownFileType = file.storyboard; name = Base; path = Base.lproj/Main.storyboard; sourceTree = "<group>"; };
		3208924825FE0B52001355B2 /* Assets.xcassets */ = {isa = PBXFileReference; lastKnownFileType = folder.assetcatalog; path = Assets.xcassets; sourceTree = "<group>"; };
		3208924B25FE0B52001355B2 /* Base */ = {isa = PBXFileReference; lastKnownFileType = file.storyboard; name = Base; path = Base.lproj/LaunchScreen.storyboard; sourceTree = "<group>"; };
		3208924D25FE0B52001355B2 /* Info.plist */ = {isa = PBXFileReference; lastKnownFileType = text.plist.xml; path = Info.plist; sourceTree = "<group>"; };
		3208925225FE0B52001355B2 /* ReuseTableViewCellSampleTests.xctest */ = {isa = PBXFileReference; explicitFileType = wrapper.cfbundle; includeInIndex = 0; path = ReuseTableViewCellSampleTests.xctest; sourceTree = BUILT_PRODUCTS_DIR; };
		3208925625FE0B52001355B2 /* ReuseTableViewCellSampleTests.swift */ = {isa = PBXFileReference; lastKnownFileType = sourcecode.swift; path = ReuseTableViewCellSampleTests.swift; sourceTree = "<group>"; };
		3208925825FE0B52001355B2 /* Info.plist */ = {isa = PBXFileReference; lastKnownFileType = text.plist.xml; path = Info.plist; sourceTree = "<group>"; };
		3208925D25FE0B52001355B2 /* ReuseTableViewCellSampleUITests.xctest */ = {isa = PBXFileReference; explicitFileType = wrapper.cfbundle; includeInIndex = 0; path = ReuseTableViewCellSampleUITests.xctest; sourceTree = BUILT_PRODUCTS_DIR; };
		3208926125FE0B52001355B2 /* ReuseTableViewCellSampleUITests.swift */ = {isa = PBXFileReference; lastKnownFileType = sourcecode.swift; path = ReuseTableViewCellSampleUITests.swift; sourceTree = "<group>"; };
		3208926325FE0B52001355B2 /* Info.plist */ = {isa = PBXFileReference; lastKnownFileType = text.plist.xml; path = Info.plist; sourceTree = "<group>"; };
/* End PBXFileReference section */

/* Begin PBXFrameworksBuildPhase section */
		3208923925FE0B51001355B2 /* Frameworks */ = {
			isa = PBXFrameworksBuildPhase;
			buildActionMask = 2147483647;
			files = (
			);
			runOnlyForDeploymentPostprocessing = 0;
		};
		3208924F25FE0B52001355B2 /* Frameworks */ = {
			isa = PBXFrameworksBuildPhase;
			buildActionMask = 2147483647;
			files = (
			);
			runOnlyForDeploymentPostprocessing = 0;
		};
		3208925A25FE0B52001355B2 /* Frameworks */ = {
			isa = PBXFrameworksBuildPhase;
			buildActionMask = 2147483647;
			files = (
			);
			runOnlyForDeploymentPostprocessing = 0;
		};
/* End PBXFrameworksBuildPhase section */

/* Begin PBXGroup section */
		3208923325FE0B51001355B2 = {
			isa = PBXGroup;
			children = (
				3208923E25FE0B51001355B2 /* ReuseTableViewCellSample */,
				3208925525FE0B52001355B2 /* ReuseTableViewCellSampleTests */,
				3208926025FE0B52001355B2 /* ReuseTableViewCellSampleUITests */,
				3208923D25FE0B51001355B2 /* Products */,
			);
			sourceTree = "<group>";
		};
		3208923D25FE0B51001355B2 /* Products */ = {
			isa = PBXGroup;
			children = (
				3208923C25FE0B51001355B2 /* ReuseTableViewCellSample.app */,
				3208925225FE0B52001355B2 /* ReuseTableViewCellSampleTests.xctest */,
				3208925D25FE0B52001355B2 /* ReuseTableViewCellSampleUITests.xctest */,
			);
			name = Products;
			sourceTree = "<group>";
		};
		3208923E25FE0B51001355B2 /* ReuseTableViewCellSample */ = {
			isa = PBXGroup;
			children = (
				3208923F25FE0B51001355B2 /* AppDelegate.swift */,
				3208924125FE0B51001355B2 /* SceneDelegate.swift */,
				3208924325FE0B51001355B2 /* ViewController.swift */,
				3208924525FE0B51001355B2 /* Main.storyboard */,
				3208924825FE0B52001355B2 /* Assets.xcassets */,
				3208924A25FE0B52001355B2 /* LaunchScreen.storyboard */,
				3208924D25FE0B52001355B2 /* Info.plist */,
			);
			path = ReuseTableViewCellSample;
			sourceTree = "<group>";
		};
		3208925525FE0B52001355B2 /* ReuseTableViewCellSampleTests */ = {
			isa = PBXGroup;
			children = (
				3208925625FE0B52001355B2 /* ReuseTableViewCellSampleTests.swift */,
				3208925825FE0B52001355B2 /* Info.plist */,
			);
			path = ReuseTableViewCellSampleTests;
			sourceTree = "<group>";
		};
		3208926025FE0B52001355B2 /* ReuseTableViewCellSampleUITests */ = {
			isa = PBXGroup;
			children = (
				3208926125FE0B52001355B2 /* ReuseTableViewCellSampleUITests.swift */,
				3208926325FE0B52001355B2 /* Info.plist */,
			);
			path = ReuseTableViewCellSampleUITests;
			sourceTree = "<group>";
		};
/* End PBXGroup section */

/* Begin PBXNativeTarget section */
		3208923B25FE0B51001355B2 /* ReuseTableViewCellSample */ = {
			isa = PBXNativeTarget;
			buildConfigurationList = 3208926625FE0B52001355B2 /* Build configuration list for PBXNativeTarget "ReuseTableViewCellSample" */;
			buildPhases = (
				3208923825FE0B51001355B2 /* Sources */,
				3208923925FE0B51001355B2 /* Frameworks */,
				3208923A25FE0B51001355B2 /* Resources */,
			);
			buildRules = (
			);
			dependencies = (
			);
			name = ReuseTableViewCellSample;
			productName = ReuseTableViewCellSample;
			productReference = 3208923C25FE0B51001355B2 /* ReuseTableViewCellSample.app */;
			productType = "com.apple.product-type.application";
		};
		3208925125FE0B52001355B2 /* ReuseTableViewCellSampleTests */ = {
			isa = PBXNativeTarget;
			buildConfigurationList = 3208926925FE0B52001355B2 /* Build configuration list for PBXNativeTarget "ReuseTableViewCellSampleTests" */;
			buildPhases = (
				3208924E25FE0B52001355B2 /* Sources */,
				3208924F25FE0B52001355B2 /* Frameworks */,
				3208925025FE0B52001355B2 /* Resources */,
			);
			buildRules = (
			);
			dependencies = (
				3208925425FE0B52001355B2 /* PBXTargetDependency */,
			);
			name = ReuseTableViewCellSampleTests;
			productName = ReuseTableViewCellSampleTests;
			productReference = 3208925225FE0B52001355B2 /* ReuseTableViewCellSampleTests.xctest */;
			productType = "com.apple.product-type.bundle.unit-test";
		};
		3208925C25FE0B52001355B2 /* ReuseTableViewCellSampleUITests */ = {
			isa = PBXNativeTarget;
			buildConfigurationList = 3208926C25FE0B52001355B2 /* Build configuration list for PBXNativeTarget "ReuseTableViewCellSampleUITests" */;
			buildPhases = (
				3208925925FE0B52001355B2 /* Sources */,
				3208925A25FE0B52001355B2 /* Frameworks */,
				3208925B25FE0B52001355B2 /* Resources */,
			);
			buildRules = (
			);
			dependencies = (
				3208925F25FE0B52001355B2 /* PBXTargetDependency */,
			);
			name = ReuseTableViewCellSampleUITests;
			productName = ReuseTableViewCellSampleUITests;
			productReference = 3208925D25FE0B52001355B2 /* ReuseTableViewCellSampleUITests.xctest */;
			productType = "com.apple.product-type.bundle.ui-testing";
		};
/* End PBXNativeTarget section */

/* Begin PBXProject section */
		3208923425FE0B51001355B2 /* Project object */ = {
			isa = PBXProject;
			attributes = {
				LastSwiftUpdateCheck = 1240;
				LastUpgradeCheck = 1240;
				TargetAttributes = {
					3208923B25FE0B51001355B2 = {
						CreatedOnToolsVersion = 12.4;
					};
					3208925125FE0B52001355B2 = {
						CreatedOnToolsVersion = 12.4;
						TestTargetID = 3208923B25FE0B51001355B2;
					};
					3208925C25FE0B52001355B2 = {
						CreatedOnToolsVersion = 12.4;
						TestTargetID = 3208923B25FE0B51001355B2;
					};
				};
			};
			buildConfigurationList = 3208923725FE0B51001355B2 /* Build configuration list for PBXProject "ReuseTableViewCellSample" */;
			compatibilityVersion = "Xcode 9.3";
			developmentRegion = en;
			hasScannedForEncodings = 0;
			knownRegions = (
				en,
				Base,
			);
			mainGroup = 3208923325FE0B51001355B2;
			productRefGroup = 3208923D25FE0B51001355B2 /* Products */;
			projectDirPath = "";
			projectRoot = "";
			targets = (
				3208923B25FE0B51001355B2 /* ReuseTableViewCellSample */,
				3208925125FE0B52001355B2 /* ReuseTableViewCellSampleTests */,
				3208925C25FE0B52001355B2 /* ReuseTableViewCellSampleUITests */,
			);
		};
/* End PBXProject section */

/* Begin PBXResourcesBuildPhase section */
		3208923A25FE0B51001355B2 /* Resources */ = {
			isa = PBXResourcesBuildPhase;
			buildActionMask = 2147483647;
			files = (
				3208924C25FE0B52001355B2 /* LaunchScreen.storyboard in Resources */,
				3208924925FE0B52001355B2 /* Assets.xcassets in Resources */,
				3208924725FE0B51001355B2 /* Main.storyboard in Resources */,
			);
			runOnlyForDeploymentPostprocessing = 0;
		};
		3208925025FE0B52001355B2 /* Resources */ = {
			isa = PBXResourcesBuildPhase;
			buildActionMask = 2147483647;
			files = (
			);
			runOnlyForDeploymentPostprocessing = 0;
		};
		3208925B25FE0B52001355B2 /* Resources */ = {
			isa = PBXResourcesBuildPhase;
			buildActionMask = 2147483647;
			files = (
			);
			runOnlyForDeploymentPostprocessing = 0;
		};
/* End PBXResourcesBuildPhase section */

/* Begin PBXSourcesBuildPhase section */
		3208923825FE0B51001355B2 /* Sources */ = {
			isa = PBXSourcesBuildPhase;
			buildActionMask = 2147483647;
			files = (
				3208924425FE0B51001355B2 /* ViewController.swift in Sources */,
				3208924025FE0B51001355B2 /* AppDelegate.swift in Sources */,
				3208924225FE0B51001355B2 /* SceneDelegate.swift in Sources */,
			);
			runOnlyForDeploymentPostprocessing = 0;
		};
		3208924E25FE0B52001355B2 /* Sources */ = {
			isa = PBXSourcesBuildPhase;
			buildActionMask = 2147483647;
			files = (
				3208925725FE0B52001355B2 /* ReuseTableViewCellSampleTests.swift in Sources */,
			);
			runOnlyForDeploymentPostprocessing = 0;
		};
		3208925925FE0B52001355B2 /* Sources */ = {
			isa = PBXSourcesBuildPhase;
			buildActionMask = 2147483647;
			files = (
				3208926225FE0B52001355B2 /* ReuseTableViewCellSampleUITests.swift in Sources */,
			);
			runOnlyForDeploymentPostprocessing = 0;
		};
/* End PBXSourcesBuildPhase section */

/* Begin PBXTargetDependency section */
		3208925425FE0B52001355B2 /* PBXTargetDependency */ = {
			isa = PBXTargetDependency;
			target = 3208923B25FE0B51001355B2 /* ReuseTableViewCellSample */;
			targetProxy = 3208925325FE0B52001355B2 /* PBXContainerItemProxy */;
		};
		3208925F25FE0B52001355B2 /* PBXTargetDependency */ = {
			isa = PBXTargetDependency;
			target = 3208923B25FE0B51001355B2 /* ReuseTableViewCellSample */;
			targetProxy = 3208925E25FE0B52001355B2 /* PBXContainerItemProxy */;
		};
/* End PBXTargetDependency section */

/* Begin PBXVariantGroup section */
		3208924525FE0B51001355B2 /* Main.storyboard */ = {
			isa = PBXVariantGroup;
			children = (
				3208924625FE0B51001355B2 /* Base */,
			);
			name = Main.storyboard;
			sourceTree = "<group>";
		};
		3208924A25FE0B52001355B2 /* LaunchScreen.storyboard */ = {
			isa = PBXVariantGroup;
			children = (
				3208924B25FE0B52001355B2 /* Base */,
			);
			name = LaunchScreen.storyboard;
			sourceTree = "<group>";
		};
/* End PBXVariantGroup section */

/* Begin XCBuildConfiguration section */
		3208926425FE0B52001355B2 /* Debug */ = {
			isa = XCBuildConfiguration;
			buildSettings = {
				ALWAYS_SEARCH_USER_PATHS = NO;
				CLANG_ANALYZER_NONNULL = YES;
				CLANG_ANALYZER_NUMBER_OBJECT_CONVERSION = YES_AGGRESSIVE;
				CLANG_CXX_LANGUAGE_STANDARD = "gnu++14";
				CLANG_CXX_LIBRARY = "libc++";
				CLANG_ENABLE_MODULES = YES;
				CLANG_ENABLE_OBJC_ARC = YES;
				CLANG_ENABLE_OBJC_WEAK = YES;
				CLANG_WARN_BLOCK_CAPTURE_AUTORELEASING = YES;
				CLANG_WARN_BOOL_CONVERSION = YES;
				CLANG_WARN_COMMA = YES;
				CLANG_WARN_CONSTANT_CONVERSION = YES;
				CLANG_WARN_DEPRECATED_OBJC_IMPLEMENTATIONS = YES;
				CLANG_WARN_DIRECT_OBJC_ISA_USAGE = YES_ERROR;
				CLANG_WARN_DOCUMENTATION_COMMENTS = YES;
				CLANG_WARN_EMPTY_BODY = YES;
				CLANG_WARN_ENUM_CONVERSION = YES;
				CLANG_WARN_INFINITE_RECURSION = YES;
				CLANG_WARN_INT_CONVERSION = YES;
				CLANG_WARN_NON_LITERAL_NULL_CONVERSION = YES;
				CLANG_WARN_OBJC_IMPLICIT_RETAIN_SELF = YES;
				CLANG_WARN_OBJC_LITERAL_CONVERSION = YES;
				CLANG_WARN_OBJC_ROOT_CLASS = YES_ERROR;
				CLANG_WARN_QUOTED_INCLUDE_IN_FRAMEWORK_HEADER = YES;
				CLANG_WARN_RANGE_LOOP_ANALYSIS = YES;
				CLANG_WARN_STRICT_PROTOTYPES = YES;
				CLANG_WARN_SUSPICIOUS_MOVE = YES;
				CLANG_WARN_UNGUARDED_AVAILABILITY = YES_AGGRESSIVE;
				CLANG_WARN_UNREACHABLE_CODE = YES;
				CLANG_WARN__DUPLICATE_METHOD_MATCH = YES;
				COPY_PHASE_STRIP = NO;
				DEBUG_INFORMATION_FORMAT = dwarf;
				ENABLE_STRICT_OBJC_MSGSEND = YES;
				ENABLE_TESTABILITY = YES;
				GCC_C_LANGUAGE_STANDARD = gnu11;
				GCC_DYNAMIC_NO_PIC = NO;
				GCC_NO_COMMON_BLOCKS = YES;
				GCC_OPTIMIZATION_LEVEL = 0;
				GCC_PREPROCESSOR_DEFINITIONS = (
					"DEBUG=1",
					"$(inherited)",
				);
				GCC_WARN_64_TO_32_BIT_CONVERSION = YES;
				GCC_WARN_ABOUT_RETURN_TYPE = YES_ERROR;
				GCC_WARN_UNDECLARED_SELECTOR = YES;
				GCC_WARN_UNINITIALIZED_AUTOS = YES_AGGRESSIVE;
				GCC_WARN_UNUSED_FUNCTION = YES;
				GCC_WARN_UNUSED_VARIABLE = YES;
				IPHONEOS_DEPLOYMENT_TARGET = 14.4;
				MTL_ENABLE_DEBUG_INFO = INCLUDE_SOURCE;
				MTL_FAST_MATH = YES;
				ONLY_ACTIVE_ARCH = YES;
				SDKROOT = iphoneos;
				SWIFT_ACTIVE_COMPILATION_CONDITIONS = DEBUG;
				SWIFT_OPTIMIZATION_LEVEL = "-Onone";
			};
			name = Debug;
		};
		3208926525FE0B52001355B2 /* Release */ = {
			isa = XCBuildConfiguration;
			buildSettings = {
				ALWAYS_SEARCH_USER_PATHS = NO;
				CLANG_ANALYZER_NONNULL = YES;
				CLANG_ANALYZER_NUMBER_OBJECT_CONVERSION = YES_AGGRESSIVE;
				CLANG_CXX_LANGUAGE_STANDARD = "gnu++14";
				CLANG_CXX_LIBRARY = "libc++";
				CLANG_ENABLE_MODULES = YES;
				CLANG_ENABLE_OBJC_ARC = YES;
				CLANG_ENABLE_OBJC_WEAK = YES;
				CLANG_WARN_BLOCK_CAPTURE_AUTORELEASING = YES;
				CLANG_WARN_BOOL_CONVERSION = YES;
				CLANG_WARN_COMMA = YES;
				CLANG_WARN_CONSTANT_CONVERSION = YES;
				CLANG_WARN_DEPRECATED_OBJC_IMPLEMENTATIONS = YES;
				CLANG_WARN_DIRECT_OBJC_ISA_USAGE = YES_ERROR;
				CLANG_WARN_DOCUMENTATION_COMMENTS = YES;
				CLANG_WARN_EMPTY_BODY = YES;
				CLANG_WARN_ENUM_CONVERSION = YES;
				CLANG_WARN_INFINITE_RECURSION = YES;
				CLANG_WARN_INT_CONVERSION = YES;
				CLANG_WARN_NON_LITERAL_NULL_CONVERSION = YES;
				CLANG_WARN_OBJC_IMPLICIT_RETAIN_SELF = YES;
				CLANG_WARN_OBJC_LITERAL_CONVERSION = YES;
				CLANG_WARN_OBJC_ROOT_CLASS = YES_ERROR;
				CLANG_WARN_QUOTED_INCLUDE_IN_FRAMEWORK_HEADER = YES;
				CLANG_WARN_RANGE_LOOP_ANALYSIS = YES;
				CLANG_WARN_STRICT_PROTOTYPES = YES;
				CLANG_WARN_SUSPICIOUS_MOVE = YES;
				CLANG_WARN_UNGUARDED_AVAILABILITY = YES_AGGRESSIVE;
				CLANG_WARN_UNREACHABLE_CODE = YES;
				CLANG_WARN__DUPLICATE_METHOD_MATCH = YES;
				COPY_PHASE_STRIP = NO;
				DEBUG_INFORMATION_FORMAT = "dwarf-with-dsym";
				ENABLE_NS_ASSERTIONS = NO;
				ENABLE_STRICT_OBJC_MSGSEND = YES;
				GCC_C_LANGUAGE_STANDARD = gnu11;
				GCC_NO_COMMON_BLOCKS = YES;
				GCC_WARN_64_TO_32_BIT_CONVERSION = YES;
				GCC_WARN_ABOUT_RETURN_TYPE = YES_ERROR;
				GCC_WARN_UNDECLARED_SELECTOR = YES;
				GCC_WARN_UNINITIALIZED_AUTOS = YES_AGGRESSIVE;
				GCC_WARN_UNUSED_FUNCTION = YES;
				GCC_WARN_UNUSED_VARIABLE = YES;
				IPHONEOS_DEPLOYMENT_TARGET = 14.4;
				MTL_ENABLE_DEBUG_INFO = NO;
				MTL_FAST_MATH = YES;
				SDKROOT = iphoneos;
				SWIFT_COMPILATION_MODE = wholemodule;
				SWIFT_OPTIMIZATION_LEVEL = "-O";
				VALIDATE_PRODUCT = YES;
			};
			name = Release;
		};
		3208926725FE0B52001355B2 /* Debug */ = {
			isa = XCBuildConfiguration;
			buildSettings = {
				ASSETCATALOG_COMPILER_APPICON_NAME = AppIcon;
				ASSETCATALOG_COMPILER_GLOBAL_ACCENT_COLOR_NAME = AccentColor;
				CODE_SIGN_STYLE = Automatic;
				DEVELOPMENT_TEAM = 2M5RL28W4J;
				INFOPLIST_FILE = ReuseTableViewCellSample/Info.plist;
				LD_RUNPATH_SEARCH_PATHS = (
					"$(inherited)",
					"@executable_path/Frameworks",
				);
				PRODUCT_BUNDLE_IDENTIFIER = com.shohei.sugawa.ReuseTableViewCellSample;
				PRODUCT_NAME = "$(TARGET_NAME)";
				SWIFT_VERSION = 5.0;
				TARGETED_DEVICE_FAMILY = "1,2";
			};
			name = Debug;
		};
		3208926825FE0B52001355B2 /* Release */ = {
			isa = XCBuildConfiguration;
			buildSettings = {
				ASSETCATALOG_COMPILER_APPICON_NAME = AppIcon;
				ASSETCATALOG_COMPILER_GLOBAL_ACCENT_COLOR_NAME = AccentColor;
				CODE_SIGN_STYLE = Automatic;
				DEVELOPMENT_TEAM = 2M5RL28W4J;
				INFOPLIST_FILE = ReuseTableViewCellSample/Info.plist;
				LD_RUNPATH_SEARCH_PATHS = (
					"$(inherited)",
					"@executable_path/Frameworks",
				);
				PRODUCT_BUNDLE_IDENTIFIER = com.shohei.sugawa.ReuseTableViewCellSample;
				PRODUCT_NAME = "$(TARGET_NAME)";
				SWIFT_VERSION = 5.0;
				TARGETED_DEVICE_FAMILY = "1,2";
			};
			name = Release;
		};
		3208926A25FE0B52001355B2 /* Debug */ = {
			isa = XCBuildConfiguration;
			buildSettings = {
				ALWAYS_EMBED_SWIFT_STANDARD_LIBRARIES = YES;
				BUNDLE_LOADER = "$(TEST_HOST)";
				CODE_SIGN_STYLE = Automatic;
				DEVELOPMENT_TEAM = 2M5RL28W4J;
				INFOPLIST_FILE = ReuseTableViewCellSampleTests/Info.plist;
				IPHONEOS_DEPLOYMENT_TARGET = 14.4;
				LD_RUNPATH_SEARCH_PATHS = (
					"$(inherited)",
					"@executable_path/Frameworks",
					"@loader_path/Frameworks",
				);
				PRODUCT_BUNDLE_IDENTIFIER = com.shohei.sugawa.ReuseTableViewCellSampleTests;
				PRODUCT_NAME = "$(TARGET_NAME)";
				SWIFT_VERSION = 5.0;
				TARGETED_DEVICE_FAMILY = "1,2";
				TEST_HOST = "$(BUILT_PRODUCTS_DIR)/ReuseTableViewCellSample.app/ReuseTableViewCellSample";
			};
			name = Debug;
		};
		3208926B25FE0B52001355B2 /* Release */ = {
			isa = XCBuildConfiguration;
			buildSettings = {
				ALWAYS_EMBED_SWIFT_STANDARD_LIBRARIES = YES;
				BUNDLE_LOADER = "$(TEST_HOST)";
				CODE_SIGN_STYLE = Automatic;
				DEVELOPMENT_TEAM = 2M5RL28W4J;
				INFOPLIST_FILE = ReuseTableViewCellSampleTests/Info.plist;
				IPHONEOS_DEPLOYMENT_TARGET = 14.4;
				LD_RUNPATH_SEARCH_PATHS = (
					"$(inherited)",
					"@executable_path/Frameworks",
					"@loader_path/Frameworks",
				);
				PRODUCT_BUNDLE_IDENTIFIER = com.shohei.sugawa.ReuseTableViewCellSampleTests;
				PRODUCT_NAME = "$(TARGET_NAME)";
				SWIFT_VERSION = 5.0;
				TARGETED_DEVICE_FAMILY = "1,2";
				TEST_HOST = "$(BUILT_PRODUCTS_DIR)/ReuseTableViewCellSample.app/ReuseTableViewCellSample";
			};
			name = Release;
		};
		3208926D25FE0B52001355B2 /* Debug */ = {
			isa = XCBuildConfiguration;
			buildSettings = {
				ALWAYS_EMBED_SWIFT_STANDARD_LIBRARIES = YES;
				CODE_SIGN_STYLE = Automatic;
				DEVELOPMENT_TEAM = 2M5RL28W4J;
				INFOPLIST_FILE = ReuseTableViewCellSampleUITests/Info.plist;
				LD_RUNPATH_SEARCH_PATHS = (
					"$(inherited)",
					"@executable_path/Frameworks",
					"@loader_path/Frameworks",
				);
				PRODUCT_BUNDLE_IDENTIFIER = com.shohei.sugawa.ReuseTableViewCellSampleUITests;
				PRODUCT_NAME = "$(TARGET_NAME)";
				SWIFT_VERSION = 5.0;
				TARGETED_DEVICE_FAMILY = "1,2";
				TEST_TARGET_NAME = ReuseTableViewCellSample;
			};
			name = Debug;
		};
		3208926E25FE0B52001355B2 /* Release */ = {
			isa = XCBuildConfiguration;
			buildSettings = {
				ALWAYS_EMBED_SWIFT_STANDARD_LIBRARIES = YES;
				CODE_SIGN_STYLE = Automatic;
				DEVELOPMENT_TEAM = 2M5RL28W4J;
				INFOPLIST_FILE = ReuseTableViewCellSampleUITests/Info.plist;
				LD_RUNPATH_SEARCH_PATHS = (
					"$(inherited)",
					"@executable_path/Frameworks",
					"@loader_path/Frameworks",
				);
				PRODUCT_BUNDLE_IDENTIFIER = com.shohei.sugawa.ReuseTableViewCellSampleUITests;
				PRODUCT_NAME = "$(TARGET_NAME)";
				SWIFT_VERSION = 5.0;
				TARGETED_DEVICE_FAMILY = "1,2";
				TEST_TARGET_NAME = ReuseTableViewCellSample;
			};
			name = Release;
		};
/* End XCBuildConfiguration section */

/* Begin XCConfigurationList section */
		3208923725FE0B51001355B2 /* Build configuration list for PBXProject "ReuseTableViewCellSample" */ = {
			isa = XCConfigurationList;
			buildConfigurations = (
				3208926425FE0B52001355B2 /* Debug */,
				3208926525FE0B52001355B2 /* Release */,
			);
			defaultConfigurationIsVisible = 0;
			defaultConfigurationName = Release;
		};
		3208926625FE0B52001355B2 /* Build configuration list for PBXNativeTarget "ReuseTableViewCellSample" */ = {
			isa = XCConfigurationList;
			buildConfigurations = (
				3208926725FE0B52001355B2 /* Debug */,
				3208926825FE0B52001355B2 /* Release */,
			);
			defaultConfigurationIsVisible = 0;
			defaultConfigurationName = Release;
		};
		3208926925FE0B52001355B2 /* Build configuration list for PBXNativeTarget "ReuseTableViewCellSampleTests" */ = {
			isa = XCConfigurationList;
			buildConfigurations = (
				3208926A25FE0B52001355B2 /* Debug */,
				3208926B25FE0B52001355B2 /* Release */,
			);
			defaultConfigurationIsVisible = 0;
			defaultConfigurationName = Release;
		};
		3208926C25FE0B52001355B2 /* Build configuration list for PBXNativeTarget "ReuseTableViewCellSampleUITests" */ = {
			isa = XCConfigurationList;
			buildConfigurations = (
				3208926D25FE0B52001355B2 /* Debug */,
				3208926E25FE0B52001355B2 /* Release */,
			);
			defaultConfigurationIsVisible = 0;
			defaultConfigurationName = Release;
		};
/* End XCConfigurationList section */
	};
	rootObject = 3208923425FE0B51001355B2 /* Project object */;
}
